
Microsoft Visual Studio Solution File, Format Version 12.00
# Visual Studio Version 17
VisualStudioVersion = 17.8.34316.72
MinimumVisualStudioVersion = 10.0.40219.1
Project("{8BC9CEB8-8B4A-11D0-8D11-00A0C91BC942}") = "SpPr1_2", "SpPr1_2\SpPr1_2.vcxproj", "{5578DB99-7886-4622-AA97-1115D5DA9465}"
EndProject
Project("{8BC9CEB8-8B4A-11D0-8D11-00A0C91BC942}") = "SpPr1_3", "SpPr1_3\SpPr1_3.vcxproj", "{81808EB9-55B3-4697-8148-57DDBF816274}"
EndProject
Project("{8BC9CEB8-8B4A-11D0-8D11-00A0C91BC942}") = "SpPr1_4", "SpPr1_4\SpPr1_4.vcxproj", "{3769CBE0-C818-4953-B6C4-CEDC7CB76700}"
EndProject
Project("{8BC9CEB8-8B4A-11D0-8D11-00A0C91BC942}") = "SpPr1_5", "SpPr1_5\SpPr1_5.vcxproj", "{DCE709B1-58D0-4CA0-ABC1-F1DF644A593D}"
EndProject
Project("{8BC9CEB8-8B4A-11D0-8D11-00A0C91BC942}") = "SpPr1_6", "SpPr1_6\SpPr1_6.vcxproj", "{097BF374-C5FE-434E-9921-F7F40498B35B}"
EndProject
Global
	GlobalSection(SolutionConfigurationPlatforms) = preSolution
		Debug|x64 = Debug|x64
		Debug|x86 = Debug|x86
		Release|x64 = Release|x64
		Release|x86 = Release|x86
	EndGlobalSection
	GlobalSection(ProjectConfigurationPlatforms) = postSolution
		{5578DB99-7886-4622-AA97-1115D5DA9465}.Debug|x64.ActiveCfg = Debug|x64
		{5578DB99-7886-4622-AA97-1115D5DA9465}.Debug|x64.Build.0 = Debug|x64
		{5578DB99-7886-4622-AA97-1115D5DA9465}.Debug|x86.ActiveCfg = Debug|Win32
		{5578DB99-7886-4622-AA97-1115D5DA9465}.Debug|x86.Build.0 = Debug|Win32
		{5578DB99-7886-4622-AA97-1115D5DA9465}.Release|x64.ActiveCfg = Release|x64
		{5578DB99-7886-4622-AA97-1115D5DA9465}.Release|x64.Build.0 = Release|x64
		{5578DB99-7886-4622-AA97-1115D5DA9465}.Release|x86.ActiveCfg = Release|Win32
		{5578DB99-7886-4622-AA97-1115D5DA9465}.Release|x86.Build.0 = Release|Win32
		{81808EB9-55B3-4697-8148-57DDBF816274}.Debug|x64.ActiveCfg = Debug|x64
		{81808EB9-55B3-4697-8148-57DDBF816274}.Debug|x64.Build.0 = Debug|x64
		{81808EB9-55B3-4697-8148-57DDBF816274}.Debug|x86.ActiveCfg = Debug|Win32
		{81808EB9-55B3-4697-8148-57DDBF816274}.Debug|x86.Build.0 = Debug|Win32
		{81808EB9-55B3-4697-8148-57DDBF816274}.Release|x64.ActiveCfg = Release|x64
		{81808EB9-55B3-4697-8148-57DDBF816274}.Release|x64.Build.0 = Release|x64
		{81808EB9-55B3-4697-8148-57DDBF816274}.Release|x86.ActiveCfg = Release|Win32
		{81808EB9-55B3-4697-8148-57DDBF816274}.Release|x86.Build.0 = Release|Win32
		{3769CBE0-C818-4953-B6C4-CEDC7CB76700}.Debug|x64.ActiveCfg = Debug|x64
		{3769CBE0-C818-4953-B6C4-CEDC7CB76700}.Debug|x64.Build.0 = Debug|x64
		{3769CBE0-C818-4953-B6C4-CEDC7CB76700}.Debug|x86.ActiveCfg = Debug|Win32
		{3769CBE0-C818-4953-B6C4-CEDC7CB76700}.Debug|x86.Build.0 = Debug|Win32
		{3769CBE0-C818-4953-B6C4-CEDC7CB76700}.Release|x64.ActiveCfg = Release|x64
		{3769CBE0-C818-4953-B6C4-CEDC7CB76700}.Release|x64.Build.0 = Release|x64
		{3769CBE0-C818-4953-B6C4-CEDC7CB76700}.Release|x86.ActiveCfg = Release|Win32
		{3769CBE0-C818-4953-B6C4-CEDC7CB76700}.Release|x86.Build.0 = Release|Win32
		{DCE709B1-58D0-4CA0-ABC1-F1DF644A593D}.Debug|x64.ActiveCfg = Debug|x64
		{DCE709B1-58D0-4CA0-ABC1-F1DF644A593D}.Debug|x64.Build.0 = Debug|x64
		{DCE709B1-58D0-4CA0-ABC1-F1DF644A593D}.Debug|x86.ActiveCfg = Debug|Win32
		{DCE709B1-58D0-4CA0-ABC1-F1DF644A593D}.Debug|x86.Build.0 = Debug|Win32
		{DCE709B1-58D0-4CA0-ABC1-F1DF644A593D}.Release|x64.ActiveCfg = Release|x64
		{DCE709B1-58D0-4CA0-ABC1-F1DF644A593D}.Release|x64.Build.0 = Release|x64
		{DCE709B1-58D0-4CA0-ABC1-F1DF644A593D}.Release|x86.ActiveCfg = Release|Win32
		{DCE709B1-58D0-4CA0-ABC1-F1DF644A593D}.Release|x86.Build.0 = Release|Win32
		{097BF374-C5FE-434E-9921-F7F40498B35B}.Debug|x64.ActiveCfg = Debug|x64
		{097BF374-C5FE-434E-9921-F7F40498B35B}.Debug|x64.Build.0 = Debug|x64
		{097BF374-C5FE-434E-9921-F7F40498B35B}.Debug|x86.ActiveCfg = Debug|Win32
		{097BF374-C5FE-434E-9921-F7F40498B35B}.Debug|x86.Build.0 = Debug|Win32
		{097BF374-C5FE-434E-9921-F7F40498B35B}.Release|x64.ActiveCfg = Release|x64
		{097BF374-C5FE-434E-9921-F7F40498B35B}.Release|x64.Build.0 = Release|x64
		{097BF374-C5FE-434E-9921-F7F40498B35B}.Release|x86.ActiveCfg = Release|Win32
		{097BF374-C5FE-434E-9921-F7F40498B35B}.Release|x86.Build.0 = Release|Win32
	EndGlobalSection
	GlobalSection(SolutionProperties) = preSolution
		HideSolutionNode = FALSE
	EndGlobalSection
	GlobalSection(ExtensibilityGlobals) = postSolution
		SolutionGuid = {738B54D4-BBD2-471A-A814-32C28F315D17}
	EndGlobalSection
EndGlobal
